<?xml version="1.0" encoding="utf-8"?>
<Project ToolsVersion="4.0" xmlns="http://schemas.microsoft.com/developer/msbuild/2003">
  <ItemGroup>
    <Filter Include="Source Files">
      <UniqueIdentifier>{4FC737F1-C7A5-4376-A066-2A32D752A2FF}</UniqueIdentifier>
      <Extensions>cpp;cxx;c;def</Extensions>
    </Filter>
    <Filter Include="Header Files">
      <UniqueIdentifier>{93995380-89BD-4b04-88EB-625FBE52EBFB}</UniqueIdentifier>
      <Extensions>h</Extensions>
    </Filter>
    <Filter Include="Form Files">
      <UniqueIdentifier>{99349809-55BA-4b9d-BF79-8FDBB0286EB3}</UniqueIdentifier>
      <Extensions>ui</Extensions>
    </Filter>
    <Filter Include="Resource Files">
      <UniqueIdentifier>{D9D6E242-F8AF-46E4-B9FD-80ECBC20BA3E}</UniqueIdentifier>
      <Extensions>qrc;*</Extensions>
      <ParseFiles>false</ParseFiles>
    </Filter>
    <Filter Include="Generated Files">
      <UniqueIdentifier>{71ED8ED8-ACB9-4CE9-BBE1-E00B30144E11}</UniqueIdentifier>
      <Extensions>moc;h;cpp</Extensions>
      <SourceControlFiles>False</SourceControlFiles>
    </Filter>
    <Filter Include="Generated Files\Debug">
      <UniqueIdentifier>{00105476-a932-4284-a918-8cc6fa9629f4}</UniqueIdentifier>
      <Extensions>cpp;moc</Extensions>
      <SourceControlFiles>False</SourceControlFiles>
    </Filter>
    <Filter Include="Generated Files\Release">
      <UniqueIdentifier>{aec48acd-cff8-437f-ac9e-8472cf3e237d}</UniqueIdentifier>
      <Extensions>cpp;moc</Extensions>
      <SourceControlFiles>False</SourceControlFiles>
    </Filter>
  </ItemGroup>
  <ItemGroup>
    <ClCompile Include="main.cpp">
      <Filter>Source Files</Filter>
    </ClCompile>
    <ClCompile Include="stsample.cpp">
      <Filter>Source Files</Filter>
    </ClCompile>
    <ClCompile Include="GeneratedFiles\qrc_stsample.cpp">
      <Filter>Generated Files</Filter>
    </ClCompile>
    <ClCompile Include="GeneratedFiles\Debug\moc_render.cpp">
      <Filter>Generated Files\Debug</Filter>
    </ClCompile>
    <ClCompile Include="GeneratedFiles\Release\moc_render.cpp">
      <Filter>Generated Files\Release</Filter>
    </ClCompile>
    <ClCompile Include="render.cpp">
      <Filter>Source Files</Filter>
    </ClCompile>
    <ClCompile Include="token.cpp">
      <Filter>Source Files</Filter>
    </ClCompile>
    <ClCompile Include="GeneratedFiles\Debug\moc_stsample.cpp">
      <Filter>Generated Files\Debug</Filter>
    </ClCompile>
    <ClCompile Include="GeneratedFiles\Release\moc_stsample.cpp">
      <Filter>Generated Files\Release</Filter>
    </ClCompile>
    <ClCompile Include="logger.cpp">
      <Filter>Source Files</Filter>
    </ClCompile>
    <ClCompile Include="xmppclient.cpp">
      <Filter>Source Files</Filter>
    </ClCompile>
    <ClCompile Include="stmain.cpp">
      <Filter>Source Files</Filter>
    </ClCompile>
    <ClCompile Include="GeneratedFiles\Debug\moc_stmain.cpp">
      <Filter>Generated Files\Debug</Filter>
    </ClCompile>
    <ClCompile Include="GeneratedFiles\Release\moc_stmain.cpp">
      <Filter>Generated Files\Release</Filter>
    </ClCompile>
    <ClCompile Include="stcontactitem.cpp">
      <Filter>Source Files</Filter>
    </ClCompile>
    <ClCompile Include="GeneratedFiles\Debug\moc_stcontactitem.cpp">
      <Filter>Generated Files\Debug</Filter>
    </ClCompile>
    <ClCompile Include="GeneratedFiles\Release\moc_stcontactitem.cpp">
      <Filter>Generated Files\Release</Filter>
    </ClCompile>
    <ClCompile Include="stchatitem.cpp">
      <Filter>Source Files</Filter>
    </ClCompile>
    <ClCompile Include="GeneratedFiles\Debug\moc_stchatitem.cpp">
      <Filter>Generated Files\Debug</Filter>
    </ClCompile>
    <ClCompile Include="GeneratedFiles\Release\moc_stchatitem.cpp">
      <Filter>Generated Files\Release</Filter>
    </ClCompile>
    <ClCompile Include="xmppregister.cpp">
      <Filter>Source Files</Filter>
    </ClCompile>
    <ClCompile Include="GeneratedFiles\Debug\moc_stloginrotate.cpp">
      <Filter>Generated Files\Debug</Filter>
    </ClCompile>
    <ClCompile Include="GeneratedFiles\Release\moc_stloginrotate.cpp">
      <Filter>Generated Files\Release</Filter>
    </ClCompile>
    <ClCompile Include="stloginrotate.cpp">
      <Filter>Source Files</Filter>
    </ClCompile>
    <ClCompile Include="stconfig.cpp">
      <Filter>Source Files</Filter>
    </ClCompile>
    <ClCompile Include="GeneratedFiles\Debug\moc_xmppclient.cpp">
      <Filter>Generated Files\Debug</Filter>
    </ClCompile>
    <ClCompile Include="GeneratedFiles\Release\moc_xmppclient.cpp">
      <Filter>Generated Files\Release</Filter>
    </ClCompile>
    <ClCompile Include="GeneratedFiles\Debug\moc_xmppregister.cpp">
      <Filter>Generated Files\Debug</Filter>
    </ClCompile>
    <ClCompile Include="GeneratedFiles\Release\moc_xmppregister.cpp">
      <Filter>Generated Files\Release</Filter>
    </ClCompile>
    <ClCompile Include="GeneratedFiles\Debug\moc_stchatdetail.cpp">
      <Filter>Generated Files\Debug</Filter>
    </ClCompile>
    <ClCompile Include="GeneratedFiles\Release\moc_stchatdetail.cpp">
      <Filter>Generated Files\Release</Filter>
    </ClCompile>
    <ClCompile Include="stchatdetail.cpp">
      <Filter>Source Files</Filter>
    </ClCompile>
    <ClCompile Include="GeneratedFiles\Debug\moc_stchatrecorditem.cpp">
      <Filter>Generated Files\Debug</Filter>
    </ClCompile>
    <ClCompile Include="GeneratedFiles\Release\moc_stchatrecorditem.cpp">
      <Filter>Generated Files\Release</Filter>
    </ClCompile>
    <ClCompile Include="stchatrecorditem.cpp">
      <Filter>Source Files</Filter>
    </ClCompile>
    <ClCompile Include="GeneratedFiles\Debug\moc_stcontactdetail.cpp">
      <Filter>Generated Files\Debug</Filter>
    </ClCompile>
    <ClCompile Include="GeneratedFiles\Release\moc_stcontactdetail.cpp">
      <Filter>Generated Files\Release</Filter>
    </ClCompile>
    <ClCompile Include="stcontactdetail.cpp">
      <Filter>Source Files</Filter>
    </ClCompile>
    <ClCompile Include="stcontactaddnew.cpp">
      <Filter>Source Files</Filter>
    </ClCompile>
    <ClCompile Include="GeneratedFiles\Debug\moc_stcontactaddnew.cpp">
      <Filter>Generated Files\Debug</Filter>
    </ClCompile>
    <ClCompile Include="GeneratedFiles\Release\moc_stcontactaddnew.cpp">
      <Filter>Generated Files\Release</Filter>
    </ClCompile>
    <ClCompile Include="strecordmanager.cpp">
      <Filter>Source Files</Filter>
    </ClCompile>
    <ClCompile Include="stload.cpp">
      <Filter>Source Files</Filter>
    </ClCompile>
    <ClCompile Include="GeneratedFiles\Debug\moc_stload.cpp">
      <Filter>Generated Files\Debug</Filter>
    </ClCompile>
    <ClCompile Include="GeneratedFiles\Release\moc_stload.cpp">
      <Filter>Generated Files\Release</Filter>
    </ClCompile>
    <ClCompile Include="masklabel.cpp">
      <Filter>Source Files</Filter>
    </ClCompile>
    <ClCompile Include="stpersonalinfo.cpp">
      <Filter>Source Files</Filter>
    </ClCompile>
    <ClCompile Include="GeneratedFiles\Debug\moc_stpersonalinfo.cpp">
      <Filter>Generated Files\Debug</Filter>
    </ClCompile>
    <ClCompile Include="GeneratedFiles\Release\moc_stpersonalinfo.cpp">
      <Filter>Generated Files\Release</Filter>
    </ClCompile>
    <ClCompile Include="stuploadpic.cpp">
      <Filter>Source Files</Filter>
    </ClCompile>
    <ClCompile Include="GeneratedFiles\Debug\moc_stuploadpic.cpp">
      <Filter>Generated Files\Debug</Filter>
    </ClCompile>
    <ClCompile Include="GeneratedFiles\Release\moc_stuploadpic.cpp">
      <Filter>Generated Files\Release</Filter>
    </ClCompile>
  </ItemGroup>
  <ItemGroup>
    <CustomBuild Include="stsample.h">
      <Filter>Header Files</Filter>
    </CustomBuild>
    <CustomBuild Include="stsample.qrc">
      <Filter>Resource Files</Filter>
    </CustomBuild>
    <CustomBuild Include="render.h">
      <Filter>Header Files</Filter>
    </CustomBuild>
    <CustomBuild Include="stmain.h">
      <Filter>Header Files</Filter>
    </CustomBuild>
    <CustomBuild Include="STContactItem.ui">
      <Filter>Form Files</Filter>
    </CustomBuild>
    <CustomBuild Include="STMain.ui">
      <Filter>Form Files</Filter>
    </CustomBuild>
    <CustomBuild Include="STSample.ui">
      <Filter>Form Files</Filter>
    </CustomBuild>
    <CustomBuild Include="stcontactitem.h">
      <Filter>Header Files</Filter>
    </CustomBuild>
    <CustomBuild Include="STChatItem.ui">
      <Filter>Form Files</Filter>
    </CustomBuild>
    <CustomBuild Include="stchatitem.h">
      <Filter>Header Files</Filter>
    </CustomBuild>
    <CustomBuild Include="STLogin.ui">
      <Filter>Form Files</Filter>
    </CustomBuild>
    <CustomBuild Include="STRegist.ui">
      <Filter>Form Files</Filter>
    </CustomBuild>
    <CustomBuild Include="stloginrotate.h">
      <Filter>Header Files</Filter>
    </CustomBuild>
    <CustomBuild Include="STConfig.ui">
      <Filter>Form Files</Filter>
    </CustomBuild>
    <CustomBuild Include="stconfig.h">
      <Filter>Header Files</Filter>
    </CustomBuild>
    <CustomBuild Include="xmppclient.h">
      <Filter>Header Files</Filter>
    </CustomBuild>
    <CustomBuild Include="xmppregister.h">
      <Filter>Header Files</Filter>
    </CustomBuild>
    <CustomBuild Include="STChatDetail.ui">
      <Filter>Form Files</Filter>
    </CustomBuild>
    <CustomBuild Include="stchatdetail.h">
      <Filter>Header Files</Filter>
    </CustomBuild>
    <CustomBuild Include="stchatrecorditem.h">
      <Filter>Header Files</Filter>
    </CustomBuild>
    <CustomBuild Include="STChatRecordItem.ui">
      <Filter>Form Files</Filter>
    </CustomBuild>
    <CustomBuild Include="STContactDetail.ui">
      <Filter>Form Files</Filter>
    </CustomBuild>
    <CustomBuild Include="stcontactdetail.h">
      <Filter>Header Files</Filter>
    </CustomBuild>
    <CustomBuild Include="STContactAddNew.ui">
      <Filter>Form Files</Filter>
    </CustomBuild>
    <CustomBuild Include="stcontactaddnew.h">
      <Filter>Header Files</Filter>
    </CustomBuild>
    <CustomBuild Include="strecordmanager.h">
      <Filter>Header Files</Filter>
    </CustomBuild>
    <CustomBuild Include="stload.h">
      <Filter>Header Files</Filter>
    </CustomBuild>
    <CustomBuild Include="STLoad.ui">
      <Filter>Form Files</Filter>
    </CustomBuild>
    <CustomBuild Include="STPersonalInfo.ui">
      <Filter>Form Files</Filter>
    </CustomBuild>
    <CustomBuild Include="stpersonalinfo.h">
      <Filter>Header Files</Filter>
    </CustomBuild>
    <CustomBuild Include="STUploadPic.ui">
      <Filter>Form Files</Filter>
    </CustomBuild>
    <CustomBuild Include="stuploadpic.h">
      <Filter>Header Files</Filter>
    </CustomBuild>
  </ItemGroup>
  <ItemGroup>
    <ClInclude Include="token.h">
      <Filter>Header Files</Filter>
    </ClInclude>
    <ClInclude Include="base64.h">
      <Filter>Header Files</Filter>
    </ClInclude>
    <ClInclude Include="logger.h">
      <Filter>Header Files</Filter>
    </ClInclude>
    <ClInclude Include="GeneratedFiles\ui_STContactItem.h">
      <Filter>Generated Files</Filter>
    </ClInclude>
    <ClInclude Include="GeneratedFiles\ui_STMain.h">
      <Filter>Generated Files</Filter>
    </ClInclude>
    <ClInclude Include="GeneratedFiles\ui_STSample.h">
      <Filter>Generated Files</Filter>
    </ClInclude>
    <ClInclude Include="GeneratedFiles\ui_STChatItem.h">
      <Filter>Generated Files</Filter>
    </ClInclude>
    <ClInclude Include="GeneratedFiles\ui_STLogin.h">
      <Filter>Generated Files</Filter>
    </ClInclude>
    <ClInclude Include="GeneratedFiles\ui_STRegist.h">
      <Filter>Generated Files</Filter>
    </ClInclude>
    <ClInclude Include="GeneratedFiles\ui_STConfig.h">
      <Filter>Generated Files</Filter>
    </ClInclude>
    <ClInclude Include="GeneratedFiles\ui_STChatDetail.h">
      <Filter>Generated Files</Filter>
    </ClInclude>
    <ClInclude Include="GeneratedFiles\ui_STChatRecordItem.h">
      <Filter>Generated Files</Filter>
    </ClInclude>
    <ClInclude Include="GeneratedFiles\ui_STContactDetail.h">
      <Filter>Generated Files</Filter>
    </ClInclude>
    <ClInclude Include="stcommon.h">
      <Filter>Header Files</Filter>
    </ClInclude>
    <ClInclude Include="GeneratedFiles\ui_STContactAddNew.h">
      <Filter>Generated Files</Filter>
    </ClInclude>
    <ClInclude Include="GeneratedFiles\ui_STLoad.h">
      <Filter>Generated Files</Filter>
    </ClInclude>
    <ClInclude Include="masklabel.h">
      <Filter>Header Files</Filter>
    </ClInclude>
    <ClInclude Include="GeneratedFiles\ui_STPersonalInfo.h">
      <Filter>Generated Files</Filter>
    </ClInclude>
    <ClInclude Include="GeneratedFiles\ui_STUploadPic.h">
      <Filter>Generated Files</Filter>
    </ClInclude>
  </ItemGroup>
</Project>